// !$*UTF8*$!
{
	archiveVersion = 1;
	classes = {
	};
	objectVersion = 46;
	objects = {

/* Begin PBXBuildFile section */
		1A8BB9B51A0826FE00F8FB5F /* main.c in Sources */ = {isa = PBXBuildFile; fileRef = 1A8BB9B41A0826FE00F8FB5F /* main.c */; };
		1A8BB9BE1A082F0000F8FB5F /* circular.c in Sources */ = {isa = PBXBuildFile; fileRef = 1A8BB9BD1A082F0000F8FB5F /* circular.c */; };
/* End PBXBuildFile section */

/* Begin PBXCopyFilesBuildPhase section */
		1A8BB9AF1A0826FE00F8FB5F /* CopyFiles */ = {
			isa = PBXCopyFilesBuildPhase;
			buildActionMask = 2147483647;
			dstPath = /usr/share/man/man1/;
			dstSubfolderSpec = 0;
			files = (
			);
			runOnlyForDeploymentPostprocessing = 1;
		};
/* End PBXCopyFilesBuildPhase section */

/* Begin PBXFileReference section */
		1A8BB9B11A0826FE00F8FB5F /* proj6 */ = {isa = PBXFileReference; explicitFileType = "compiled.mach-o.executable"; includeInIndex = 0; path = proj6; sourceTree = BUILT_PRODUCTS_DIR; };
		1A8BB9B41A0826FE00F8FB5F /* main.c */ = {isa = PBXFileReference; lastKnownFileType = sourcecode.c.c; path = main.c; sourceTree = "<group>"; };
		1A8BB9BC1A082ECA00F8FB5F /* circular.h */ = {isa = PBXFileReference; lastKnownFileType = sourcecode.c.h; path = circular.h; sourceTree = "<group>"; };
		1A8BB9BD1A082F0000F8FB5F /* circular.c */ = {isa = PBXFileReference; fileEncoding = 4; lastKnownFileType = sourcecode.c.c; path = circular.c; sourceTree = "<group>"; };
/* End PBXFileReference section */

/* Begin PBXFrameworksBuildPhase section */
		1A8BB9AE1A0826FE00F8FB5F /* Frameworks */ = {
			isa = PBXFrameworksBuildPhase;
			buildActionMask = 2147483647;
			files = (
			);
			runOnlyForDeploymentPostprocessing = 0;
		};
/* End PBXFrameworksBuildPhase section */

/* Begin PBXGroup section */
		1A8BB9A81A0826FE00F8FB5F = {
			isa = PBXGroup;
			children = (
				1A8BB9B31A0826FE00F8FB5F /* proj6 */,
				1A8BB9B21A0826FE00F8FB5F /* Products */,
			);
			sourceTree = "<group>";
		};
		1A8BB9B21A0826FE00F8FB5F /* Products */ = {
			isa = PBXGroup;
			children = (
				1A8BB9B11A0826FE00F8FB5F /* proj6 */,
			);
			name = Products;
			sourceTree = "<group>";
		};
		1A8BB9B31A0826FE00F8FB5F /* proj6 */ = {
			isa = PBXGroup;
			children = (
				1A8BB9B41A0826FE00F8FB5F /* main.c */,
				1A8BB9BC1A082ECA00F8FB5F /* circular.h */,
				1A8BB9BD1A082F0000F8FB5F /* circular.c */,
			);
			path = proj6;
			sourceTree = "<group>";
		};
/* End PBXGroup section */

/* Begin PBXNativeTarget section */
		1A8BB9B01A0826FE00F8FB5F /* proj6 */ = {
			isa = PBXNativeTarget;
			buildConfigurationList = 1A8BB9B81A0826FE00F8FB5F /* Build configuration list for PBXNativeTarget "proj6" */;
			buildPhases = (
				1A8BB9AD1A0826FE00F8FB5F /* Sources */,
				1A8BB9AE1A0826FE00F8FB5F /* Frameworks */,
				1A8BB9AF1A0826FE00F8FB5F /* CopyFiles */,
			);
			buildRules = (
			);
			dependencies = (
			);
			name = proj6;
			productName = proj6;
			productReference = 1A8BB9B11A0826FE00F8FB5F /* proj6 */;
			productType = "com.apple.product-type.tool";
		};
/* End PBXNativeTarget section */

/* Begin PBXProject section */
		1A8BB9A91A0826FE00F8FB5F /* Project object */ = {
			isa = PBXProject;
			attributes = {
				LastUpgradeCheck = 0600;
				ORGANIZATIONNAME = "Andrew Huber";
				TargetAttributes = {
					1A8BB9B01A0826FE00F8FB5F = {
						CreatedOnToolsVersion = 6.0;
					};
				};
			};
			buildConfigurationList = 1A8BB9AC1A0826FE00F8FB5F /* Build configuration list for PBXProject "proj6" */;
			compatibilityVersion = "Xcode 3.2";
			developmentRegion = English;
			hasScannedForEncodings = 0;
			knownRegions = (
				en,
			);
			mainGroup = 1A8BB9A81A0826FE00F8FB5F;
			productRefGroup = 1A8BB9B21A0826FE00F8FB5F /* Products */;
			projectDirPath = "";
			projectRoot = "";
			targets = (
				1A8BB9B01A0826FE00F8FB5F /* proj6 */,
			);
		};
/* End PBXProject section */

/* Begin PBXSourcesBuildPhase section */
		1A8BB9AD1A0826FE00F8FB5F /* Sources */ = {
			isa = PBXSourcesBuildPhase;
			buildActionMask = 2147483647;
			files = (
				1A8BB9BE1A082F0000F8FB5F /* circular.c in Sources */,
				1A8BB9B51A0826FE00F8FB5F /* main.c in Sources */,
			);
			runOnlyForDeploymentPostprocessing = 0;
		};
/* End PBXSourcesBuildPhase section */

/* Begin XCBuildConfiguration section */
		1A8BB9B61A0826FE00F8FB5F /* Debug */ = {
			isa = XCBuildConfiguration;
			buildSettings = {
				ALWAYS_SEARCH_USER_PATHS = NO;
				CLANG_CXX_LANGUAGE_STANDARD = "gnu++0x";
				CLANG_CXX_LIBRARY = "libc++";
				CLANG_ENABLE_MODULES = YES;
				CLANG_ENABLE_OBJC_ARC = YES;
				CLANG_WARN_BOOL_CONVERSION = YES;
				CLANG_WARN_CONSTANT_CONVERSION = YES;
				CLANG_WARN_DIRECT_OBJC_ISA_USAGE = YES_ERROR;
				CLANG_WARN_EMPTY_BODY = YES;
				CLANG_WARN_ENUM_CONVERSION = YES;
				CLANG_WARN_INT_CONVERSION = YES;
				CLANG_WARN_OBJC_ROOT_CLASS = YES_ERROR;
				CLANG_WARN_UNREACHABLE_CODE = YES;
				CLANG_WARN__DUPLICATE_METHOD_MATCH = YES;
				COPY_PHASE_STRIP = NO;
				ENABLE_STRICT_OBJC_MSGSEND = YES;
				GCC_C_LANGUAGE_STANDARD = gnu99;
				GCC_DYNAMIC_NO_PIC = NO;
				GCC_OPTIMIZATION_LEVEL = 0;
				GCC_PREPROCESSOR_DEFINITIONS = (
					"DEBUG=1",
					"$(inherited)",
				);
				GCC_SYMBOLS_PRIVATE_EXTERN = NO;
				GCC_WARN_64_TO_32_BIT_CONVERSION = YES;
				GCC_WARN_ABOUT_RETURN_TYPE = YES_ERROR;
				GCC_WARN_UNDECLARED_SELECTOR = YES;
				GCC_WARN_UNINITIALIZED_AUTOS = YES_AGGRESSIVE;
				GCC_WARN_UNUSED_FUNCTION = YES;
				GCC_WARN_UNUSED_VARIABLE = YES;
				MACOSX_DEPLOYMENT_TARGET = 10.10;
				MTL_ENABLE_DEBUG_INFO = YES;
				ONLY_ACTIVE_ARCH = YES;
				SDKROOT = macosx;
			};
			name = Debug;
		};
		1A8BB9B71A0826FE00F8FB5F /* Release */ = {
			isa = XCBuildConfiguration;
			buildSettings = {
				ALWAYS_SEARCH_USER_PATHS = NO;
				CLANG_CXX_LANGUAGE_STANDARD = "gnu++0x";
				CLANG_CXX_LIBRARY = "libc++";
				CLANG_ENABLE_MODULES = YES;
				CLANG_ENABLE_OBJC_ARC = YES;
				CLANG_WARN_BOOL_CONVERSION = YES;
				CLANG_WARN_CONSTANT_CONVERSION = YES;
				CLANG_WARN_DIRECT_OBJC_ISA_USAGE = YES_ERROR;
				CLANG_WARN_EMPTY_BODY = YES;
				CLANG_WARN_ENUM_CONVERSION = YES;
				CLANG_WARN_INT_CONVERSION = YES;
				CLANG_WARN_OBJC_ROOT_CLASS = YES_ERROR;
				CLANG_WARN_UNREACHABLE_CODE = YES;
				CLANG_WARN__DUPLICATE_METHOD_MATCH = YES;
				COPY_PHASE_STRIP = YES;
				DEBUG_INFORMATION_FORMAT = "dwarf-with-dsym";
				ENABLE_NS_ASSERTIONS = NO;
				ENABLE_STRICT_OBJC_MSGSEND = YES;
				GCC_C_LANGUAGE_STANDARD = gnu99;
				GCC_WARN_64_TO_32_BIT_CONVERSION = YES;
				GCC_WARN_ABOUT_RETURN_TYPE = YES_ERROR;
				GCC_WARN_UNDECLARED_SELECTOR = YES;
				GCC_WARN_UNINITIALIZED_AUTOS = YES_AGGRESSIVE;
				GCC_WARN_UNUSED_FUNCTION = YES;
				GCC_WARN_UNUSED_VARIABLE = YES;
				MACOSX_DEPLOYMENT_TARGET = 10.10;
				MTL_ENABLE_DEBUG_INFO = NO;
				SDKROOT = macosx;
			};
			name = Release;
		};
		1A8BB9B91A0826FE00F8FB5F /* Debug */ = {
			isa = XCBuildConfiguration;
			buildSettings = {
				PRODUCT_NAME = "$(TARGET_NAME)";
			};
			name = Debug;
		};
		1A8BB9BA1A0826FE00F8FB5F /* Release */ = {
			isa = XCBuildConfiguration;
			buildSettings = {
				PRODUCT_NAME = "$(TARGET_NAME)";
			};
			name = Release;
		};
/* End XCBuildConfiguration section */

/* Begin XCConfigurationList section */
		1A8BB9AC1A0826FE00F8FB5F /* Build configuration list for PBXProject "proj6" */ = {
			isa = XCConfigurationList;
			buildConfigurations = (
				1A8BB9B61A0826FE00F8FB5F /* Debug */,
				1A8BB9B71A0826FE00F8FB5F /* Release */,
			);
			defaultConfigurationIsVisible = 0;
			defaultConfigurationName = Release;
		};
		1A8BB9B81A0826FE00F8FB5F /* Build configuration list for PBXNativeTarget "proj6" */ = {
			isa = XCConfigurationList;
			buildConfigurations = (
				1A8BB9B91A0826FE00F8FB5F /* Debug */,
				1A8BB9BA1A0826FE00F8FB5F /* Release */,
			);
			defaultConfigurationIsVisible = 0;
		};
/* End XCConfigurationList section */
	};
	rootObject = 1A8BB9A91A0826FE00F8FB5F /* Project object */;
}
